// !$*UTF8*$!
{
	archiveVersion = 1;
	classes = {
	};
	objectVersion = 56;
	objects = {

/* Begin PBXBuildFile section */
		2222151E2ADEBE5E001F6D47 /* AppDelegate.swift in Sources */ = {isa = PBXBuildFile; fileRef = 2222151D2ADEBE5E001F6D47 /* AppDelegate.swift */; };
		222215202ADEBE5E001F6D47 /* SceneDelegate.swift in Sources */ = {isa = PBXBuildFile; fileRef = 2222151F2ADEBE5E001F6D47 /* SceneDelegate.swift */; };
		222215222ADEBE5E001F6D47 /* ViewController.swift in Sources */ = {isa = PBXBuildFile; fileRef = 222215212ADEBE5E001F6D47 /* ViewController.swift */; };
		222215252ADEBE5E001F6D47 /* Main.storyboard in Resources */ = {isa = PBXBuildFile; fileRef = 222215232ADEBE5E001F6D47 /* Main.storyboard */; };
		222215272ADEBE5F001F6D47 /* Assets.xcassets in Resources */ = {isa = PBXBuildFile; fileRef = 222215262ADEBE5F001F6D47 /* Assets.xcassets */; };
		2222152A2ADEBE5F001F6D47 /* LaunchScreen.storyboard in Resources */ = {isa = PBXBuildFile; fileRef = 222215282ADEBE5F001F6D47 /* LaunchScreen.storyboard */; };
		222215322ADEC587001F6D47 /* OutputViewController.swift in Sources */ = {isa = PBXBuildFile; fileRef = 222215312ADEC587001F6D47 /* OutputViewController.swift */; };
/* End PBXBuildFile section */

/* Begin PBXFileReference section */
		2222151A2ADEBE5E001F6D47 /* Bhargav_MAPD714_Midterm.app */ = {isa = PBXFileReference; explicitFileType = wrapper.application; includeInIndex = 0; path = Bhargav_MAPD714_Midterm.app; sourceTree = BUILT_PRODUCTS_DIR; };
		2222151D2ADEBE5E001F6D47 /* AppDelegate.swift */ = {isa = PBXFileReference; lastKnownFileType = sourcecode.swift; path = AppDelegate.swift; sourceTree = "<group>"; };
		2222151F2ADEBE5E001F6D47 /* SceneDelegate.swift */ = {isa = PBXFileReference; lastKnownFileType = sourcecode.swift; path = SceneDelegate.swift; sourceTree = "<group>"; };
		222215212ADEBE5E001F6D47 /* ViewController.swift */ = {isa = PBXFileReference; lastKnownFileType = sourcecode.swift; path = ViewController.swift; sourceTree = "<group>"; };
		222215242ADEBE5E001F6D47 /* Base */ = {isa = PBXFileReference; lastKnownFileType = file.storyboard; name = Base; path = Base.lproj/Main.storyboard; sourceTree = "<group>"; };
		222215262ADEBE5F001F6D47 /* Assets.xcassets */ = {isa = PBXFileReference; lastKnownFileType = folder.assetcatalog; path = Assets.xcassets; sourceTree = "<group>"; };
		222215292ADEBE5F001F6D47 /* Base */ = {isa = PBXFileReference; lastKnownFileType = file.storyboard; name = Base; path = Base.lproj/LaunchScreen.storyboard; sourceTree = "<group>"; };
		2222152B2ADEBE5F001F6D47 /* Info.plist */ = {isa = PBXFileReference; lastKnownFileType = text.plist.xml; path = Info.plist; sourceTree = "<group>"; };
		222215312ADEC587001F6D47 /* OutputViewController.swift */ = {isa = PBXFileReference; lastKnownFileType = sourcecode.swift; path = OutputViewController.swift; sourceTree = "<group>"; };
/* End PBXFileReference section */

/* Begin PBXFrameworksBuildPhase section */
		222215172ADEBE5E001F6D47 /* Frameworks */ = {
			isa = PBXFrameworksBuildPhase;
			buildActionMask = 2147483647;
			files = (
			);
			runOnlyForDeploymentPostprocessing = 0;
		};
/* End PBXFrameworksBuildPhase section */

/* Begin PBXGroup section */
		222215112ADEBE5E001F6D47 = {
			isa = PBXGroup;
			children = (
				2222151C2ADEBE5E001F6D47 /* Bhargav_MAPD714_Midterm */,
				2222151B2ADEBE5E001F6D47 /* Products */,
			);
			sourceTree = "<group>";
		};
		2222151B2ADEBE5E001F6D47 /* Products */ = {
			isa = PBXGroup;
			children = (
				2222151A2ADEBE5E001F6D47 /* Bhargav_MAPD714_Midterm.app */,
			);
			name = Products;
			sourceTree = "<group>";
		};
		2222151C2ADEBE5E001F6D47 /* Bhargav_MAPD714_Midterm */ = {
			isa = PBXGroup;
			children = (
				2222151D2ADEBE5E001F6D47 /* AppDelegate.swift */,
				2222151F2ADEBE5E001F6D47 /* SceneDelegate.swift */,
				222215212ADEBE5E001F6D47 /* ViewController.swift */,
				222215312ADEC587001F6D47 /* OutputViewController.swift */,
				222215232ADEBE5E001F6D47 /* Main.storyboard */,
				222215262ADEBE5F001F6D47 /* Assets.xcassets */,
				222215282ADEBE5F001F6D47 /* LaunchScreen.storyboard */,
				2222152B2ADEBE5F001F6D47 /* Info.plist */,
			);
			path = Bhargav_MAPD714_Midterm;
			sourceTree = "<group>";
		};
/* End PBXGroup section */

/* Begin PBXNativeTarget section */
		222215192ADEBE5E001F6D47 /* Bhargav_MAPD714_Midterm */ = {
			isa = PBXNativeTarget;
			buildConfigurationList = 2222152E2ADEBE5F001F6D47 /* Build configuration list for PBXNativeTarget "Bhargav_MAPD714_Midterm" */;
			buildPhases = (
				222215162ADEBE5E001F6D47 /* Sources */,
				222215172ADEBE5E001F6D47 /* Frameworks */,
				222215182ADEBE5E001F6D47 /* Resources */,
			);
			buildRules = (
			);
			dependencies = (
			);
			name = Bhargav_MAPD714_Midterm;
			productName = Bhargav_MAPD714_Midterm;
			productReference = 2222151A2ADEBE5E001F6D47 /* Bhargav_MAPD714_Midterm.app */;
			productType = "com.apple.product-type.application";
		};
/* End PBXNativeTarget section */

/* Begin PBXProject section */
		222215122ADEBE5E001F6D47 /* Project object */ = {
			isa = PBXProject;
			attributes = {
				BuildIndependentTargetsInParallel = 1;
				LastSwiftUpdateCheck = 1500;
				LastUpgradeCheck = 1500;
				TargetAttributes = {
					222215192ADEBE5E001F6D47 = {
						CreatedOnToolsVersion = 15.0;
					};
				};
			};
			buildConfigurationList = 222215152ADEBE5E001F6D47 /* Build configuration list for PBXProject "Bhargav_MAPD714_Midterm" */;
			compatibilityVersion = "Xcode 14.0";
			developmentRegion = en;
			hasScannedForEncodings = 0;
			knownRegions = (
				en,
				Base,
			);
			mainGroup = 222215112ADEBE5E001F6D47;
			productRefGroup = 2222151B2ADEBE5E001F6D47 /* Products */;
			projectDirPath = "";
			projectRoot = "";
			targets = (
				222215192ADEBE5E001F6D47 /* Bhargav_MAPD714_Midterm */,
			);
		};
/* End PBXProject section */

/* Begin PBXResourcesBuildPhase section */
		222215182ADEBE5E001F6D47 /* Resources */ = {
			isa = PBXResourcesBuildPhase;
			buildActionMask = 2147483647;
			files = (
				2222152A2ADEBE5F001F6D47 /* LaunchScreen.storyboard in Resources */,
				222215272ADEBE5F001F6D47 /* Assets.xcassets in Resources */,
				222215252ADEBE5E001F6D47 /* Main.storyboard in Resources */,
			);
			runOnlyForDeploymentPostprocessing = 0;
		};
/* End PBXResourcesBuildPhase section */

/* Begin PBXSourcesBuildPhase section */
		222215162ADEBE5E001F6D47 /* Sources */ = {
			isa = PBXSourcesBuildPhase;
			buildActionMask = 2147483647;
			files = (
				222215222ADEBE5E001F6D47 /* ViewController.swift in Sources */,
				222215322ADEC587001F6D47 /* OutputViewController.swift in Sources */,
				2222151E2ADEBE5E001F6D47 /* AppDelegate.swift in Sources */,
				222215202ADEBE5E001F6D47 /* SceneDelegate.swift in Sources */,
			);
			runOnlyForDeploymentPostprocessing = 0;
		};
/* End PBXSourcesBuildPhase section */

/* Begin PBXVariantGroup section */
		222215232ADEBE5E001F6D47 /* Main.storyboard */ = {
			isa = PBXVariantGroup;
			children = (
				222215242ADEBE5E001F6D47 /* Base */,
			);
			name = Main.storyboard;
			sourceTree = "<group>";
		};
		222215282ADEBE5F001F6D47 /* LaunchScreen.storyboard */ = {
			isa = PBXVariantGroup;
			children = (
				222215292ADEBE5F001F6D47 /* Base */,
			);
			name = LaunchScreen.storyboard;
			sourceTree = "<group>";
		};
/* End PBXVariantGroup section */

/* Begin XCBuildConfiguration section */
		2222152C2ADEBE5F001F6D47 /* Debug */ = {
			isa = XCBuildConfiguration;
			buildSettings = {
				ALWAYS_SEARCH_USER_PATHS = NO;
				ASSETCATALOG_COMPILER_GENERATE_SWIFT_ASSET_SYMBOL_EXTENSIONS = YES;
				CLANG_ANALYZER_NONNULL = YES;
				CLANG_ANALYZER_NUMBER_OBJECT_CONVERSION = YES_AGGRESSIVE;
				CLANG_CXX_LANGUAGE_STANDARD = "gnu++20";
				CLANG_ENABLE_MODULES = YES;
				CLANG_ENABLE_OBJC_ARC = YES;
				CLANG_ENABLE_OBJC_WEAK = YES;
				CLANG_WARN_BLOCK_CAPTURE_AUTORELEASING = YES;
				CLANG_WARN_BOOL_CONVERSION = YES;
				CLANG_WARN_COMMA = YES;
				CLANG_WARN_CONSTANT_CONVERSION = YES;
				CLANG_WARN_DEPRECATED_OBJC_IMPLEMENTATIONS = YES;
				CLANG_WARN_DIRECT_OBJC_ISA_USAGE = YES_ERROR;
				CLANG_WARN_DOCUMENTATION_COMMENTS = YES;
				CLANG_WARN_EMPTY_BODY = YES;
				CLANG_WARN_ENUM_CONVERSION = YES;
				CLANG_WARN_INFINITE_RECURSION = YES;
				CLANG_WARN_INT_CONVERSION = YES;
				CLANG_WARN_NON_LITERAL_NULL_CONVERSION = YES;
				CLANG_WARN_OBJC_IMPLICIT_RETAIN_SELF = YES;
				CLANG_WARN_OBJC_LITERAL_CONVERSION = YES;
				CLANG_WARN_OBJC_ROOT_CLASS = YES_ERROR;
				CLANG_WARN_QUOTED_INCLUDE_IN_FRAMEWORK_HEADER = YES;
				CLANG_WARN_RANGE_LOOP_ANALYSIS = YES;
				CLANG_WARN_STRICT_PROTOTYPES = YES;
				CLANG_WARN_SUSPICIOUS_MOVE = YES;
				CLANG_WARN_UNGUARDED_AVAILABILITY = YES_AGGRESSIVE;
				CLANG_WARN_UNREACHABLE_CODE = YES;
				CLANG_WARN__DUPLICATE_METHOD_MATCH = YES;
				COPY_PHASE_STRIP = NO;
				DEBUG_INFORMATION_FORMAT = dwarf;
				ENABLE_STRICT_OBJC_MSGSEND = YES;
				ENABLE_TESTABILITY = YES;
				ENABLE_USER_SCRIPT_SANDBOXING = YES;
				GCC_C_LANGUAGE_STANDARD = gnu17;
				GCC_DYNAMIC_NO_PIC = NO;
				GCC_NO_COMMON_BLOCKS = YES;
				GCC_OPTIMIZATION_LEVEL = 0;
				GCC_PREPROCESSOR_DEFINITIONS = (
					"DEBUG=1",
					"$(inherited)",
				);
				GCC_WARN_64_TO_32_BIT_CONVERSION = YES;
				GCC_WARN_ABOUT_RETURN_TYPE = YES_ERROR;
				GCC_WARN_UNDECLARED_SELECTOR = YES;
				GCC_WARN_UNINITIALIZED_AUTOS = YES_AGGRESSIVE;
				GCC_WARN_UNUSED_FUNCTION = YES;
				GCC_WARN_UNUSED_VARIABLE = YES;
				IPHONEOS_DEPLOYMENT_TARGET = 17.0;
				LOCALIZATION_PREFERS_STRING_CATALOGS = YES;
				MTL_ENABLE_DEBUG_INFO = INCLUDE_SOURCE;
				MTL_FAST_MATH = YES;
				ONLY_ACTIVE_ARCH = YES;
				SDKROOT = iphoneos;
				SWIFT_ACTIVE_COMPILATION_CONDITIONS = "DEBUG $(inherited)";
				SWIFT_OPTIMIZATION_LEVEL = "-Onone";
			};
			name = Debug;
		};
		2222152D2ADEBE5F001F6D47 /* Release */ = {
			isa = XCBuildConfiguration;
			buildSettings = {
				ALWAYS_SEARCH_USER_PATHS = NO;
				ASSETCATALOG_COMPILER_GENERATE_SWIFT_ASSET_SYMBOL_EXTENSIONS = YES;
				CLANG_ANALYZER_NONNULL = YES;
				CLANG_ANALYZER_NUMBER_OBJECT_CONVERSION = YES_AGGRESSIVE;
				CLANG_CXX_LANGUAGE_STANDARD = "gnu++20";
				CLANG_ENABLE_MODULES = YES;
				CLANG_ENABLE_OBJC_ARC = YES;
				CLANG_ENABLE_OBJC_WEAK = YES;
				CLANG_WARN_BLOCK_CAPTURE_AUTORELEASING = YES;
				CLANG_WARN_BOOL_CONVERSION = YES;
				CLANG_WARN_COMMA = YES;
				CLANG_WARN_CONSTANT_CONVERSION = YES;
				CLANG_WARN_DEPRECATED_OBJC_IMPLEMENTATIONS = YES;
				CLANG_WARN_DIRECT_OBJC_ISA_USAGE = YES_ERROR;
				CLANG_WARN_DOCUMENTATION_COMMENTS = YES;
				CLANG_WARN_EMPTY_BODY = YES;
				CLANG_WARN_ENUM_CONVERSION = YES;
				CLANG_WARN_INFINITE_RECURSION = YES;
				CLANG_WARN_INT_CONVERSION = YES;
				CLANG_WARN_NON_LITERAL_NULL_CONVERSION = YES;
				CLANG_WARN_OBJC_IMPLICIT_RETAIN_SELF = YES;
				CLANG_WARN_OBJC_LITERAL_CONVERSION = YES;
				CLANG_WARN_OBJC_ROOT_CLASS = YES_ERROR;
				CLANG_WARN_QUOTED_INCLUDE_IN_FRAMEWORK_HEADER = YES;
				CLANG_WARN_RANGE_LOOP_ANALYSIS = YES;
				CLANG_WARN_STRICT_PROTOTYPES = YES;
				CLANG_WARN_SUSPICIOUS_MOVE = YES;
				CLANG_WARN_UNGUARDED_AVAILABILITY = YES_AGGRESSIVE;
				CLANG_WARN_UNREACHABLE_CODE = YES;
				CLANG_WARN__DUPLICATE_METHOD_MATCH = YES;
				COPY_PHASE_STRIP = NO;
				DEBUG_INFORMATION_FORMAT = "dwarf-with-dsym";
				ENABLE_NS_ASSERTIONS = NO;
				ENABLE_STRICT_OBJC_MSGSEND = YES;
				ENABLE_USER_SCRIPT_SANDBOXING = YES;
				GCC_C_LANGUAGE_STANDARD = gnu17;
				GCC_NO_COMMON_BLOCKS = YES;
				GCC_WARN_64_TO_32_BIT_CONVERSION = YES;
				GCC_WARN_ABOUT_RETURN_TYPE = YES_ERROR;
				GCC_WARN_UNDECLARED_SELECTOR = YES;
				GCC_WARN_UNINITIALIZED_AUTOS = YES_AGGRESSIVE;
				GCC_WARN_UNUSED_FUNCTION = YES;
				GCC_WARN_UNUSED_VARIABLE = YES;
				IPHONEOS_DEPLOYMENT_TARGET = 17.0;
				LOCALIZATION_PREFERS_STRING_CATALOGS = YES;
				MTL_ENABLE_DEBUG_INFO = NO;
				MTL_FAST_MATH = YES;
				SDKROOT = iphoneos;
				SWIFT_COMPILATION_MODE = wholemodule;
				VALIDATE_PRODUCT = YES;
			};
			name = Release;
		};
		2222152F2ADEBE5F001F6D47 /* Debug */ = {
			isa = XCBuildConfiguration;
			buildSettings = {
				ASSETCATALOG_COMPILER_APPICON_NAME = AppIcon;
				ASSETCATALOG_COMPILER_GLOBAL_ACCENT_COLOR_NAME = AccentColor;
				CODE_SIGN_STYLE = Automatic;
				CURRENT_PROJECT_VERSION = 1;
				GENERATE_INFOPLIST_FILE = YES;
				INFOPLIST_FILE = Bhargav_MAPD714_Midterm/Info.plist;
				INFOPLIST_KEY_UIApplicationSupportsIndirectInputEvents = YES;
				INFOPLIST_KEY_UILaunchStoryboardName = LaunchScreen;
				INFOPLIST_KEY_UIMainStoryboardFile = Main;
				INFOPLIST_KEY_UISupportedInterfaceOrientations_iPad = "UIInterfaceOrientationPortrait UIInterfaceOrientationPortraitUpsideDown UIInterfaceOrientationLandscapeLeft UIInterfaceOrientationLandscapeRight";
				INFOPLIST_KEY_UISupportedInterfaceOrientations_iPhone = "UIInterfaceOrientationPortrait UIInterfaceOrientationLandscapeLeft UIInterfaceOrientationLandscapeRight";
				LD_RUNPATH_SEARCH_PATHS = (
					"$(inherited)",
					"@executable_path/Frameworks",
				);
				MARKETING_VERSION = 1.0;
				PRODUCT_BUNDLE_IDENTIFIER = "Centennial.Bhargav-MAPD714-Midterm";
				PRODUCT_NAME = "$(TARGET_NAME)";
				SWIFT_EMIT_LOC_STRINGS = YES;
				SWIFT_VERSION = 5.0;
				TARGETED_DEVICE_FAMILY = "1,2";
			};
			name = Debug;
		};
		222215302ADEBE5F001F6D47 /* Release */ = {
			isa = XCBuildConfiguration;
			buildSettings = {
				ASSETCATALOG_COMPILER_APPICON_NAME = AppIcon;
				ASSETCATALOG_COMPILER_GLOBAL_ACCENT_COLOR_NAME = AccentColor;
				CODE_SIGN_STYLE = Automatic;
				CURRENT_PROJECT_VERSION = 1;
				GENERATE_INFOPLIST_FILE = YES;
				INFOPLIST_FILE = Bhargav_MAPD714_Midterm/Info.plist;
				INFOPLIST_KEY_UIApplicationSupportsIndirectInputEvents = YES;
				INFOPLIST_KEY_UILaunchStoryboardName = LaunchScreen;
				INFOPLIST_KEY_UIMainStoryboardFile = Main;
				INFOPLIST_KEY_UISupportedInterfaceOrientations_iPad = "UIInterfaceOrientationPortrait UIInterfaceOrientationPortraitUpsideDown UIInterfaceOrientationLandscapeLeft UIInterfaceOrientationLandscapeRight";
				INFOPLIST_KEY_UISupportedInterfaceOrientations_iPhone = "UIInterfaceOrientationPortrait UIInterfaceOrientationLandscapeLeft UIInterfaceOrientationLandscapeRight";
				LD_RUNPATH_SEARCH_PATHS = (
					"$(inherited)",
					"@executable_path/Frameworks",
				);
				MARKETING_VERSION = 1.0;
				PRODUCT_BUNDLE_IDENTIFIER = "Centennial.Bhargav-MAPD714-Midterm";
				PRODUCT_NAME = "$(TARGET_NAME)";
				SWIFT_EMIT_LOC_STRINGS = YES;
				SWIFT_VERSION = 5.0;
				TARGETED_DEVICE_FAMILY = "1,2";
			};
			name = Release;
		};
/* End XCBuildConfiguration section */

/* Begin XCConfigurationList section */
		222215152ADEBE5E001F6D47 /* Build configuration list for PBXProject "Bhargav_MAPD714_Midterm" */ = {
			isa = XCConfigurationList;
			buildConfigurations = (
				2222152C2ADEBE5F001F6D47 /* Debug */,
				2222152D2ADEBE5F001F6D47 /* Release */,
			);
			defaultConfigurationIsVisible = 0;
			defaultConfigurationName = Release;
		};
		2222152E2ADEBE5F001F6D47 /* Build configuration list for PBXNativeTarget "Bhargav_MAPD714_Midterm" */ = {
			isa = XCConfigurationList;
			buildConfigurations = (
				2222152F2ADEBE5F001F6D47 /* Debug */,
				222215302ADEBE5F001F6D47 /* Release */,
			);
			defaultConfigurationIsVisible = 0;
			defaultConfigurationName = Release;
		};
/* End XCConfigurationList section */
	};
	rootObject = 222215122ADEBE5E001F6D47 /* Project object */;
}
